
Microsoft Visual Studio Solution File, Format Version 12.00
# Visual Studio 15
VisualStudioVersion = 15.0.28307.168
MinimumVisualStudioVersion = 10.0.40219.1
Project("{FAE04EC0-301F-11D3-BF4B-00C04F79EFBC}") = "Messen", "Messen\Messen.csproj", "{F747BDC3-765D-4B95-A54F-ACEF5A6E37EF}"
EndProject
Global
	GlobalSection(SolutionConfigurationPlatforms) = preSolution
		Debug|Any CPU = Debug|Any CPU
		Release|Any CPU = Release|Any CPU
	EndGlobalSection
	GlobalSection(ProjectConfigurationPlatforms) = postSolution
		{F747BDC3-765D-4B95-A54F-ACEF5A6E37EF}.Debug|Any CPU.ActiveCfg = Debug|Any CPU
		{F747BDC3-765D-4B95-A54F-ACEF5A6E37EF}.Debug|Any CPU.Build.0 = Debug|Any CPU
		{F747BDC3-765D-4B95-A54F-ACEF5A6E37EF}.Release|Any CPU.ActiveCfg = Release|Any CPU
		{F747BDC3-765D-4B95-A54F-ACEF5A6E37EF}.Release|Any CPU.Build.0 = Release|Any CPU
	EndGlobalSection
	GlobalSection(SolutionProperties) = preSolution
		HideSolutionNode = FALSE
	EndGlobalSection
	GlobalSection(ExtensibilityGlobals) = postSolution
		SolutionGuid = {7DB4116C-4A5A-49E1-A5D6-387911D0080F}
	EndGlobalSection
EndGlobal
