
Microsoft Visual Studio Solution File, Format Version 12.00
# Visual Studio 15
VisualStudioVersion = 15.0.28307.168
MinimumVisualStudioVersion = 10.0.40219.1
Project("{FAE04EC0-301F-11D3-BF4B-00C04F79EFBC}") = "ppedv.ProjectSelma.Domain", "ppedv.ProjectSelma.Domain\ppedv.ProjectSelma.Domain.csproj", "{296821F7-D7CA-4BE6-A317-60DE8B167065}"
EndProject
Project("{FAE04EC0-301F-11D3-BF4B-00C04F79EFBC}") = "ppedv.ProjectSelma.Data.EF", "ppedv.ProjectSelma.Data.EF\ppedv.ProjectSelma.Data.EF.csproj", "{CDDCB32E-FF73-4ACB-94AB-D411BAC68A21}"
EndProject
Project("{FAE04EC0-301F-11D3-BF4B-00C04F79EFBC}") = "ppedv.ProjectSelma.Data.EF.Tests", "ppedv.ProjectSelma.Data.EF.Tests\ppedv.ProjectSelma.Data.EF.Tests.csproj", "{3CCB57A4-F51D-4689-ADA5-E3829AA58546}"
EndProject
Project("{FAE04EC0-301F-11D3-BF4B-00C04F79EFBC}") = "ppedv.ProjectSelma.Logic", "ppedv.ProjectSelma.Logic\ppedv.ProjectSelma.Logic.csproj", "{EB937CB3-97B7-4FBD-AB47-DC2E63DA912A}"
EndProject
Project("{FAE04EC0-301F-11D3-BF4B-00C04F79EFBC}") = "ppedv.ProjectSelma.Logic.Tests", "ppedv.ProjectSelma.Logic.Tests\ppedv.ProjectSelma.Logic.Tests.csproj", "{3EC18E57-B2FD-480B-AF6B-3082F5D8AA27}"
EndProject
Project("{FAE04EC0-301F-11D3-BF4B-00C04F79EFBC}") = "ppedv.ProjectSelma.Hardware.RoboRecruiter", "ppedv.ProjectSelma.Hardware.RoboRecruiter\ppedv.ProjectSelma.Hardware.RoboRecruiter.csproj", "{97C0D53C-085F-4324-B9A0-CBF1FAEEF802}"
EndProject
Project("{FAE04EC0-301F-11D3-BF4B-00C04F79EFBC}") = "ppedv.ProjectSelma.Logic.Driver", "ppedv.ProjectSelma.Logic.Driver\ppedv.ProjectSelma.Logic.Driver.csproj", "{5B03AEB2-9F3F-4911-9ACB-158ADB9BEAAF}"
EndProject
Global
	GlobalSection(SolutionConfigurationPlatforms) = preSolution
		Debug|Any CPU = Debug|Any CPU
		Release|Any CPU = Release|Any CPU
	EndGlobalSection
	GlobalSection(ProjectConfigurationPlatforms) = postSolution
		{296821F7-D7CA-4BE6-A317-60DE8B167065}.Debug|Any CPU.ActiveCfg = Debug|Any CPU
		{296821F7-D7CA-4BE6-A317-60DE8B167065}.Debug|Any CPU.Build.0 = Debug|Any CPU
		{296821F7-D7CA-4BE6-A317-60DE8B167065}.Release|Any CPU.ActiveCfg = Release|Any CPU
		{296821F7-D7CA-4BE6-A317-60DE8B167065}.Release|Any CPU.Build.0 = Release|Any CPU
		{CDDCB32E-FF73-4ACB-94AB-D411BAC68A21}.Debug|Any CPU.ActiveCfg = Debug|Any CPU
		{CDDCB32E-FF73-4ACB-94AB-D411BAC68A21}.Debug|Any CPU.Build.0 = Debug|Any CPU
		{CDDCB32E-FF73-4ACB-94AB-D411BAC68A21}.Release|Any CPU.ActiveCfg = Release|Any CPU
		{CDDCB32E-FF73-4ACB-94AB-D411BAC68A21}.Release|Any CPU.Build.0 = Release|Any CPU
		{3CCB57A4-F51D-4689-ADA5-E3829AA58546}.Debug|Any CPU.ActiveCfg = Debug|Any CPU
		{3CCB57A4-F51D-4689-ADA5-E3829AA58546}.Debug|Any CPU.Build.0 = Debug|Any CPU
		{3CCB57A4-F51D-4689-ADA5-E3829AA58546}.Release|Any CPU.ActiveCfg = Release|Any CPU
		{3CCB57A4-F51D-4689-ADA5-E3829AA58546}.Release|Any CPU.Build.0 = Release|Any CPU
		{EB937CB3-97B7-4FBD-AB47-DC2E63DA912A}.Debug|Any CPU.ActiveCfg = Debug|Any CPU
		{EB937CB3-97B7-4FBD-AB47-DC2E63DA912A}.Debug|Any CPU.Build.0 = Debug|Any CPU
		{EB937CB3-97B7-4FBD-AB47-DC2E63DA912A}.Release|Any CPU.ActiveCfg = Release|Any CPU
		{EB937CB3-97B7-4FBD-AB47-DC2E63DA912A}.Release|Any CPU.Build.0 = Release|Any CPU
		{3EC18E57-B2FD-480B-AF6B-3082F5D8AA27}.Debug|Any CPU.ActiveCfg = Debug|Any CPU
		{3EC18E57-B2FD-480B-AF6B-3082F5D8AA27}.Debug|Any CPU.Build.0 = Debug|Any CPU
		{3EC18E57-B2FD-480B-AF6B-3082F5D8AA27}.Release|Any CPU.ActiveCfg = Release|Any CPU
		{3EC18E57-B2FD-480B-AF6B-3082F5D8AA27}.Release|Any CPU.Build.0 = Release|Any CPU
		{97C0D53C-085F-4324-B9A0-CBF1FAEEF802}.Debug|Any CPU.ActiveCfg = Debug|Any CPU
		{97C0D53C-085F-4324-B9A0-CBF1FAEEF802}.Debug|Any CPU.Build.0 = Debug|Any CPU
		{97C0D53C-085F-4324-B9A0-CBF1FAEEF802}.Release|Any CPU.ActiveCfg = Release|Any CPU
		{97C0D53C-085F-4324-B9A0-CBF1FAEEF802}.Release|Any CPU.Build.0 = Release|Any CPU
		{5B03AEB2-9F3F-4911-9ACB-158ADB9BEAAF}.Debug|Any CPU.ActiveCfg = Debug|Any CPU
		{5B03AEB2-9F3F-4911-9ACB-158ADB9BEAAF}.Debug|Any CPU.Build.0 = Debug|Any CPU
		{5B03AEB2-9F3F-4911-9ACB-158ADB9BEAAF}.Release|Any CPU.ActiveCfg = Release|Any CPU
		{5B03AEB2-9F3F-4911-9ACB-158ADB9BEAAF}.Release|Any CPU.Build.0 = Release|Any CPU
	EndGlobalSection
	GlobalSection(SolutionProperties) = preSolution
		HideSolutionNode = FALSE
	EndGlobalSection
	GlobalSection(ExtensibilityGlobals) = postSolution
		SolutionGuid = {F7114A42-C96A-4037-B0FA-A9D65E636762}
	EndGlobalSection
EndGlobal
